// !$*UTF8*$!
{
	archiveVersion = 1;
	classes = {
	};
	objectVersion = 50;
	objects = {

/* Begin PBXBuildFile section */
		492782CC24BEF3CA00415EC8 /* ChecklistApp.swift in Sources */ = {isa = PBXBuildFile; fileRef = 492782CB24BEF3CA00415EC8 /* ChecklistApp.swift */; };
		492782CE24BEF3CA00415EC8 /* ContentView.swift in Sources */ = {isa = PBXBuildFile; fileRef = 492782CD24BEF3CA00415EC8 /* ContentView.swift */; };
		492782D024BEF3CC00415EC8 /* Assets.xcassets in Resources */ = {isa = PBXBuildFile; fileRef = 492782CF24BEF3CC00415EC8 /* Assets.xcassets */; };
		492782D324BEF3CC00415EC8 /* Preview Assets.xcassets in Resources */ = {isa = PBXBuildFile; fileRef = 492782D224BEF3CC00415EC8 /* Preview Assets.xcassets */; };
		492782DB24BEF3E100415EC8 /* ChecklistListView.swift in Sources */ = {isa = PBXBuildFile; fileRef = 492782DA24BEF3E100415EC8 /* ChecklistListView.swift */; };
		492782DF24BEF41200415EC8 /* models.swift in Sources */ = {isa = PBXBuildFile; fileRef = 492782DE24BEF41200415EC8 /* models.swift */; };
		492782E124BEF71100415EC8 /* ChecklistsWrapper.swift in Sources */ = {isa = PBXBuildFile; fileRef = 492782E024BEF71100415EC8 /* ChecklistsWrapper.swift */; };
		492782E324BF010D00415EC8 /* AddChecklistView.swift in Sources */ = {isa = PBXBuildFile; fileRef = 492782E224BF010D00415EC8 /* AddChecklistView.swift */; };
		492782E524BF06E800415EC8 /* ChecklistView.swift in Sources */ = {isa = PBXBuildFile; fileRef = 492782E424BF06E800415EC8 /* ChecklistView.swift */; };
		4984577A24BF23DE0087F205 /* CheckToggle.swift in Sources */ = {isa = PBXBuildFile; fileRef = 4984577924BF23DE0087F205 /* CheckToggle.swift */; };
/* End PBXBuildFile section */

/* Begin PBXFileReference section */
		492782C824BEF3CA00415EC8 /* Checklist.app */ = {isa = PBXFileReference; explicitFileType = wrapper.application; includeInIndex = 0; path = Checklist.app; sourceTree = BUILT_PRODUCTS_DIR; };
		492782CB24BEF3CA00415EC8 /* ChecklistApp.swift */ = {isa = PBXFileReference; lastKnownFileType = sourcecode.swift; path = ChecklistApp.swift; sourceTree = "<group>"; };
		492782CD24BEF3CA00415EC8 /* ContentView.swift */ = {isa = PBXFileReference; lastKnownFileType = sourcecode.swift; path = ContentView.swift; sourceTree = "<group>"; };
		492782CF24BEF3CC00415EC8 /* Assets.xcassets */ = {isa = PBXFileReference; lastKnownFileType = folder.assetcatalog; path = Assets.xcassets; sourceTree = "<group>"; };
		492782D224BEF3CC00415EC8 /* Preview Assets.xcassets */ = {isa = PBXFileReference; lastKnownFileType = folder.assetcatalog; path = "Preview Assets.xcassets"; sourceTree = "<group>"; };
		492782D424BEF3CC00415EC8 /* Info.plist */ = {isa = PBXFileReference; lastKnownFileType = text.plist.xml; path = Info.plist; sourceTree = "<group>"; };
		492782DA24BEF3E100415EC8 /* ChecklistListView.swift */ = {isa = PBXFileReference; lastKnownFileType = sourcecode.swift; path = ChecklistListView.swift; sourceTree = "<group>"; };
		492782DE24BEF41200415EC8 /* models.swift */ = {isa = PBXFileReference; lastKnownFileType = sourcecode.swift; path = models.swift; sourceTree = "<group>"; };
		492782E024BEF71100415EC8 /* ChecklistsWrapper.swift */ = {isa = PBXFileReference; lastKnownFileType = sourcecode.swift; path = ChecklistsWrapper.swift; sourceTree = "<group>"; };
		492782E224BF010D00415EC8 /* AddChecklistView.swift */ = {isa = PBXFileReference; lastKnownFileType = sourcecode.swift; path = AddChecklistView.swift; sourceTree = "<group>"; };
		492782E424BF06E800415EC8 /* ChecklistView.swift */ = {isa = PBXFileReference; lastKnownFileType = sourcecode.swift; path = ChecklistView.swift; sourceTree = "<group>"; };
		4984577924BF23DE0087F205 /* CheckToggle.swift */ = {isa = PBXFileReference; lastKnownFileType = sourcecode.swift; path = CheckToggle.swift; sourceTree = "<group>"; };
/* End PBXFileReference section */

/* Begin PBXFrameworksBuildPhase section */
		492782C524BEF3CA00415EC8 /* Frameworks */ = {
			isa = PBXFrameworksBuildPhase;
			buildActionMask = 2147483647;
			files = (
			);
			runOnlyForDeploymentPostprocessing = 0;
		};
/* End PBXFrameworksBuildPhase section */

/* Begin PBXGroup section */
		492782BF24BEF3CA00415EC8 = {
			isa = PBXGroup;
			children = (
				492782DD24BEF40A00415EC8 /* Shared */,
				492782CA24BEF3CA00415EC8 /* Checklist */,
				492782C924BEF3CA00415EC8 /* Products */,
			);
			sourceTree = "<group>";
		};
		492782C924BEF3CA00415EC8 /* Products */ = {
			isa = PBXGroup;
			children = (
				492782C824BEF3CA00415EC8 /* Checklist.app */,
			);
			name = Products;
			sourceTree = "<group>";
		};
		492782CA24BEF3CA00415EC8 /* Checklist */ = {
			isa = PBXGroup;
			children = (
				492782CB24BEF3CA00415EC8 /* ChecklistApp.swift */,
				492782CD24BEF3CA00415EC8 /* ContentView.swift */,
				492782DA24BEF3E100415EC8 /* ChecklistListView.swift */,
				492782E424BF06E800415EC8 /* ChecklistView.swift */,
				4984577924BF23DE0087F205 /* CheckToggle.swift */,
				492782E224BF010D00415EC8 /* AddChecklistView.swift */,
				492782E024BEF71100415EC8 /* ChecklistsWrapper.swift */,
				492782CF24BEF3CC00415EC8 /* Assets.xcassets */,
				492782D424BEF3CC00415EC8 /* Info.plist */,
				492782D124BEF3CC00415EC8 /* Preview Content */,
			);
			path = Checklist;
			sourceTree = "<group>";
		};
		492782D124BEF3CC00415EC8 /* Preview Content */ = {
			isa = PBXGroup;
			children = (
				492782D224BEF3CC00415EC8 /* Preview Assets.xcassets */,
			);
			path = "Preview Content";
			sourceTree = "<group>";
		};
		492782DD24BEF40A00415EC8 /* Shared */ = {
			isa = PBXGroup;
			children = (
				492782DE24BEF41200415EC8 /* models.swift */,
			);
			path = Shared;
			sourceTree = "<group>";
		};
/* End PBXGroup section */

/* Begin PBXNativeTarget section */
		492782C724BEF3CA00415EC8 /* Checklist */ = {
			isa = PBXNativeTarget;
			buildConfigurationList = 492782D724BEF3CC00415EC8 /* Build configuration list for PBXNativeTarget "Checklist" */;
			buildPhases = (
				492782C424BEF3CA00415EC8 /* Sources */,
				492782C524BEF3CA00415EC8 /* Frameworks */,
				492782C624BEF3CA00415EC8 /* Resources */,
			);
			buildRules = (
			);
			dependencies = (
			);
			name = Checklist;
			productName = Checklist;
			productReference = 492782C824BEF3CA00415EC8 /* Checklist.app */;
			productType = "com.apple.product-type.application";
		};
/* End PBXNativeTarget section */

/* Begin PBXProject section */
		492782C024BEF3CA00415EC8 /* Project object */ = {
			isa = PBXProject;
			attributes = {
				LastSwiftUpdateCheck = 1200;
				LastUpgradeCheck = 1200;
				TargetAttributes = {
					492782C724BEF3CA00415EC8 = {
						CreatedOnToolsVersion = 12.0;
					};
				};
			};
			buildConfigurationList = 492782C324BEF3CA00415EC8 /* Build configuration list for PBXProject "Checklist" */;
			compatibilityVersion = "Xcode 9.3";
			developmentRegion = en;
			hasScannedForEncodings = 0;
			knownRegions = (
				en,
				Base,
			);
			mainGroup = 492782BF24BEF3CA00415EC8;
			productRefGroup = 492782C924BEF3CA00415EC8 /* Products */;
			projectDirPath = "";
			projectRoot = "";
			targets = (
				492782C724BEF3CA00415EC8 /* Checklist */,
			);
		};
/* End PBXProject section */

/* Begin PBXResourcesBuildPhase section */
		492782C624BEF3CA00415EC8 /* Resources */ = {
			isa = PBXResourcesBuildPhase;
			buildActionMask = 2147483647;
			files = (
				492782D324BEF3CC00415EC8 /* Preview Assets.xcassets in Resources */,
				492782D024BEF3CC00415EC8 /* Assets.xcassets in Resources */,
			);
			runOnlyForDeploymentPostprocessing = 0;
		};
/* End PBXResourcesBuildPhase section */

/* Begin PBXSourcesBuildPhase section */
		492782C424BEF3CA00415EC8 /* Sources */ = {
			isa = PBXSourcesBuildPhase;
			buildActionMask = 2147483647;
			files = (
				492782DB24BEF3E100415EC8 /* ChecklistListView.swift in Sources */,
				492782CE24BEF3CA00415EC8 /* ContentView.swift in Sources */,
				492782E124BEF71100415EC8 /* ChecklistsWrapper.swift in Sources */,
				492782CC24BEF3CA00415EC8 /* ChecklistApp.swift in Sources */,
				4984577A24BF23DE0087F205 /* CheckToggle.swift in Sources */,
				492782DF24BEF41200415EC8 /* models.swift in Sources */,
				492782E324BF010D00415EC8 /* AddChecklistView.swift in Sources */,
				492782E524BF06E800415EC8 /* ChecklistView.swift in Sources */,
			);
			runOnlyForDeploymentPostprocessing = 0;
		};
/* End PBXSourcesBuildPhase section */

/* Begin XCBuildConfiguration section */
		492782D524BEF3CC00415EC8 /* Debug */ = {
			isa = XCBuildConfiguration;
			buildSettings = {
				ALWAYS_SEARCH_USER_PATHS = NO;
				CLANG_ANALYZER_NONNULL = YES;
				CLANG_ANALYZER_NUMBER_OBJECT_CONVERSION = YES_AGGRESSIVE;
				CLANG_CXX_LANGUAGE_STANDARD = "gnu++14";
				CLANG_CXX_LIBRARY = "libc++";
				CLANG_ENABLE_MODULES = YES;
				CLANG_ENABLE_OBJC_ARC = YES;
				CLANG_ENABLE_OBJC_WEAK = YES;
				CLANG_WARN_BLOCK_CAPTURE_AUTORELEASING = YES;
				CLANG_WARN_BOOL_CONVERSION = YES;
				CLANG_WARN_COMMA = YES;
				CLANG_WARN_CONSTANT_CONVERSION = YES;
				CLANG_WARN_DEPRECATED_OBJC_IMPLEMENTATIONS = YES;
				CLANG_WARN_DIRECT_OBJC_ISA_USAGE = YES_ERROR;
				CLANG_WARN_DOCUMENTATION_COMMENTS = YES;
				CLANG_WARN_EMPTY_BODY = YES;
				CLANG_WARN_ENUM_CONVERSION = YES;
				CLANG_WARN_INFINITE_RECURSION = YES;
				CLANG_WARN_INT_CONVERSION = YES;
				CLANG_WARN_NON_LITERAL_NULL_CONVERSION = YES;
				CLANG_WARN_OBJC_IMPLICIT_RETAIN_SELF = YES;
				CLANG_WARN_OBJC_LITERAL_CONVERSION = YES;
				CLANG_WARN_OBJC_ROOT_CLASS = YES_ERROR;
				CLANG_WARN_QUOTED_INCLUDE_IN_FRAMEWORK_HEADER = YES;
				CLANG_WARN_RANGE_LOOP_ANALYSIS = YES;
				CLANG_WARN_STRICT_PROTOTYPES = YES;
				CLANG_WARN_SUSPICIOUS_MOVE = YES;
				CLANG_WARN_UNGUARDED_AVAILABILITY = YES_AGGRESSIVE;
				CLANG_WARN_UNREACHABLE_CODE = YES;
				CLANG_WARN__DUPLICATE_METHOD_MATCH = YES;
				COPY_PHASE_STRIP = NO;
				DEBUG_INFORMATION_FORMAT = dwarf;
				ENABLE_STRICT_OBJC_MSGSEND = YES;
				ENABLE_TESTABILITY = YES;
				GCC_C_LANGUAGE_STANDARD = gnu11;
				GCC_DYNAMIC_NO_PIC = NO;
				GCC_NO_COMMON_BLOCKS = YES;
				GCC_OPTIMIZATION_LEVEL = 0;
				GCC_PREPROCESSOR_DEFINITIONS = (
					"DEBUG=1",
					"$(inherited)",
				);
				GCC_WARN_64_TO_32_BIT_CONVERSION = YES;
				GCC_WARN_ABOUT_RETURN_TYPE = YES_ERROR;
				GCC_WARN_UNDECLARED_SELECTOR = YES;
				GCC_WARN_UNINITIALIZED_AUTOS = YES_AGGRESSIVE;
				GCC_WARN_UNUSED_FUNCTION = YES;
				GCC_WARN_UNUSED_VARIABLE = YES;
				IPHONEOS_DEPLOYMENT_TARGET = 14.0;
				MTL_ENABLE_DEBUG_INFO = INCLUDE_SOURCE;
				MTL_FAST_MATH = YES;
				ONLY_ACTIVE_ARCH = YES;
				SDKROOT = iphoneos;
				SWIFT_ACTIVE_COMPILATION_CONDITIONS = DEBUG;
				SWIFT_OPTIMIZATION_LEVEL = "-Onone";
			};
			name = Debug;
		};
		492782D624BEF3CC00415EC8 /* Release */ = {
			isa = XCBuildConfiguration;
			buildSettings = {
				ALWAYS_SEARCH_USER_PATHS = NO;
				CLANG_ANALYZER_NONNULL = YES;
				CLANG_ANALYZER_NUMBER_OBJECT_CONVERSION = YES_AGGRESSIVE;
				CLANG_CXX_LANGUAGE_STANDARD = "gnu++14";
				CLANG_CXX_LIBRARY = "libc++";
				CLANG_ENABLE_MODULES = YES;
				CLANG_ENABLE_OBJC_ARC = YES;
				CLANG_ENABLE_OBJC_WEAK = YES;
				CLANG_WARN_BLOCK_CAPTURE_AUTORELEASING = YES;
				CLANG_WARN_BOOL_CONVERSION = YES;
				CLANG_WARN_COMMA = YES;
				CLANG_WARN_CONSTANT_CONVERSION = YES;
				CLANG_WARN_DEPRECATED_OBJC_IMPLEMENTATIONS = YES;
				CLANG_WARN_DIRECT_OBJC_ISA_USAGE = YES_ERROR;
				CLANG_WARN_DOCUMENTATION_COMMENTS = YES;
				CLANG_WARN_EMPTY_BODY = YES;
				CLANG_WARN_ENUM_CONVERSION = YES;
				CLANG_WARN_INFINITE_RECURSION = YES;
				CLANG_WARN_INT_CONVERSION = YES;
				CLANG_WARN_NON_LITERAL_NULL_CONVERSION = YES;
				CLANG_WARN_OBJC_IMPLICIT_RETAIN_SELF = YES;
				CLANG_WARN_OBJC_LITERAL_CONVERSION = YES;
				CLANG_WARN_OBJC_ROOT_CLASS = YES_ERROR;
				CLANG_WARN_QUOTED_INCLUDE_IN_FRAMEWORK_HEADER = YES;
				CLANG_WARN_RANGE_LOOP_ANALYSIS = YES;
				CLANG_WARN_STRICT_PROTOTYPES = YES;
				CLANG_WARN_SUSPICIOUS_MOVE = YES;
				CLANG_WARN_UNGUARDED_AVAILABILITY = YES_AGGRESSIVE;
				CLANG_WARN_UNREACHABLE_CODE = YES;
				CLANG_WARN__DUPLICATE_METHOD_MATCH = YES;
				COPY_PHASE_STRIP = NO;
				DEBUG_INFORMATION_FORMAT = "dwarf-with-dsym";
				ENABLE_NS_ASSERTIONS = NO;
				ENABLE_STRICT_OBJC_MSGSEND = YES;
				GCC_C_LANGUAGE_STANDARD = gnu11;
				GCC_NO_COMMON_BLOCKS = YES;
				GCC_WARN_64_TO_32_BIT_CONVERSION = YES;
				GCC_WARN_ABOUT_RETURN_TYPE = YES_ERROR;
				GCC_WARN_UNDECLARED_SELECTOR = YES;
				GCC_WARN_UNINITIALIZED_AUTOS = YES_AGGRESSIVE;
				GCC_WARN_UNUSED_FUNCTION = YES;
				GCC_WARN_UNUSED_VARIABLE = YES;
				IPHONEOS_DEPLOYMENT_TARGET = 14.0;
				MTL_ENABLE_DEBUG_INFO = NO;
				MTL_FAST_MATH = YES;
				SDKROOT = iphoneos;
				SWIFT_COMPILATION_MODE = wholemodule;
				SWIFT_OPTIMIZATION_LEVEL = "-O";
				VALIDATE_PRODUCT = YES;
			};
			name = Release;
		};
		492782D824BEF3CC00415EC8 /* Debug */ = {
			isa = XCBuildConfiguration;
			buildSettings = {
				ASSETCATALOG_COMPILER_APPICON_NAME = AppIcon;
				ASSETCATALOG_COMPILER_GLOBAL_ACCENT_COLOR_NAME = AccentColor;
				CODE_SIGN_STYLE = Automatic;
				DEVELOPMENT_ASSET_PATHS = "\"Checklist/Preview Content\"";
				DEVELOPMENT_TEAM = MHQFP8C3YS;
				ENABLE_PREVIEWS = YES;
				INFOPLIST_FILE = Checklist/Info.plist;
				IPHONEOS_DEPLOYMENT_TARGET = 14.0;
				LD_RUNPATH_SEARCH_PATHS = (
					"$(inherited)",
					"@executable_path/Frameworks",
				);
				PRODUCT_BUNDLE_IDENTIFIER = mithem.Checklist;
				PRODUCT_NAME = "$(TARGET_NAME)";
				SWIFT_VERSION = 5.0;
				TARGETED_DEVICE_FAMILY = "1,2";
			};
			name = Debug;
		};
		492782D924BEF3CC00415EC8 /* Release */ = {
			isa = XCBuildConfiguration;
			buildSettings = {
				ASSETCATALOG_COMPILER_APPICON_NAME = AppIcon;
				ASSETCATALOG_COMPILER_GLOBAL_ACCENT_COLOR_NAME = AccentColor;
				CODE_SIGN_STYLE = Automatic;
				DEVELOPMENT_ASSET_PATHS = "\"Checklist/Preview Content\"";
				DEVELOPMENT_TEAM = MHQFP8C3YS;
				ENABLE_PREVIEWS = YES;
				INFOPLIST_FILE = Checklist/Info.plist;
				IPHONEOS_DEPLOYMENT_TARGET = 14.0;
				LD_RUNPATH_SEARCH_PATHS = (
					"$(inherited)",
					"@executable_path/Frameworks",
				);
				PRODUCT_BUNDLE_IDENTIFIER = mithem.Checklist;
				PRODUCT_NAME = "$(TARGET_NAME)";
				SWIFT_VERSION = 5.0;
				TARGETED_DEVICE_FAMILY = "1,2";
			};
			name = Release;
		};
/* End XCBuildConfiguration section */

/* Begin XCConfigurationList section */
		492782C324BEF3CA00415EC8 /* Build configuration list for PBXProject "Checklist" */ = {
			isa = XCConfigurationList;
			buildConfigurations = (
				492782D524BEF3CC00415EC8 /* Debug */,
				492782D624BEF3CC00415EC8 /* Release */,
			);
			defaultConfigurationIsVisible = 0;
			defaultConfigurationName = Release;
		};
		492782D724BEF3CC00415EC8 /* Build configuration list for PBXNativeTarget "Checklist" */ = {
			isa = XCConfigurationList;
			buildConfigurations = (
				492782D824BEF3CC00415EC8 /* Debug */,
				492782D924BEF3CC00415EC8 /* Release */,
			);
			defaultConfigurationIsVisible = 0;
			defaultConfigurationName = Release;
		};
/* End XCConfigurationList section */
	};
	rootObject = 492782C024BEF3CA00415EC8 /* Project object */;
}
